
Microsoft Visual Studio Solution File, Format Version 12.00
# Visual Studio Version 17
VisualStudioVersion = 17.14.36310.24 d17.14
MinimumVisualStudioVersion = 10.0.40219.1
Project("{FAE04EC0-301F-11D3-BF4B-00C04F79EFBC}") = "GarageMVC", "GarageMVC\GarageMVC.csproj", "{6A86CA8C-A859-426A-B73C-3781B3EBB798}"
EndProject
Global
	GlobalSection(SolutionConfigurationPlatforms) = preSolution
		Debug|Any CPU = Debug|Any CPU
		Release|Any CPU = Release|Any CPU
	EndGlobalSection
	GlobalSection(ProjectConfigurationPlatforms) = postSolution
		{6A86CA8C-A859-426A-B73C-3781B3EBB798}.Debug|Any CPU.ActiveCfg = Debug|Any CPU
		{6A86CA8C-A859-426A-B73C-3781B3EBB798}.Debug|Any CPU.Build.0 = Debug|Any CPU
		{6A86CA8C-A859-426A-B73C-3781B3EBB798}.Release|Any CPU.ActiveCfg = Release|Any CPU
		{6A86CA8C-A859-426A-B73C-3781B3EBB798}.Release|Any CPU.Build.0 = Release|Any CPU
	EndGlobalSection
	GlobalSection(SolutionProperties) = preSolution
		HideSolutionNode = FALSE
	EndGlobalSection
	GlobalSection(ExtensibilityGlobals) = postSolution
		SolutionGuid = {3704424F-3E97-4F4B-B009-4DF11BEAA866}
	EndGlobalSection
EndGlobal
